
Microsoft Visual Studio Solution File, Format Version 12.00
# Visual Studio Version 16
VisualStudioVersion = 16.0.34902.97
MinimumVisualStudioVersion = 10.0.40219.1
Project("{FAE04EC0-301F-11D3-BF4B-00C04F79EFBC}") = "Grid_View", "Grid_View.csproj", "{BA6D8C71-19FA-452B-A028-CE53313093CF}"
EndProject
Global
	GlobalSection(SolutionConfigurationPlatforms) = preSolution
		Debug|Any CPU = Debug|Any CPU
		Release|Any CPU = Release|Any CPU
	EndGlobalSection
	GlobalSection(ProjectConfigurationPlatforms) = postSolution
		{BA6D8C71-19FA-452B-A028-CE53313093CF}.Debug|Any CPU.ActiveCfg = Debug|Any CPU
		{BA6D8C71-19FA-452B-A028-CE53313093CF}.Debug|Any CPU.Build.0 = Debug|Any CPU
		{BA6D8C71-19FA-452B-A028-CE53313093CF}.Release|Any CPU.ActiveCfg = Release|Any CPU
		{BA6D8C71-19FA-452B-A028-CE53313093CF}.Release|Any CPU.Build.0 = Release|Any CPU
	EndGlobalSection
	GlobalSection(SolutionProperties) = preSolution
		HideSolutionNode = FALSE
	EndGlobalSection
	GlobalSection(ExtensibilityGlobals) = postSolution
		SolutionGuid = {E10D194E-A982-48A2-8F4A-C57C54E15597}
	EndGlobalSection
EndGlobal
